{
  "object": {
    "pins": [
      {
        "package": "TinyHTTP",
        "repositoryURL": "https://github.com/ralfebert/TinyHTTP.git",
        "state": {
          "branch": null,
          "revision": "9ad401c713d27f43f9fd84083aa4d84c21a73bb6",
          "version": "0.1.2"
        }
      }
    ]
  },
  "version": 1
}
